<?xml version="1.0" encoding="utf-8"?>
<Project ToolsVersion="4.0" xmlns="http://schemas.microsoft.com/developer/msbuild/2003">
  <ItemGroup>
    <Filter Include="Source Files">
      <UniqueIdentifier>{bbef028e-fc35-4ec4-bd1e-cc6f9995f325}</UniqueIdentifier>
      <Extensions>cpp;c;cxx;def;odl;idl;hpj;bat;asm</Extensions>
    </Filter>
    <Filter Include="Header Files">
      <UniqueIdentifier>{2990adad-2227-4d29-946e-cc57e5627c0f}</UniqueIdentifier>
      <Extensions>h;hpp;hxx;hm;inl;inc</Extensions>
    </Filter>
  </ItemGroup>
  <ItemGroup>
    <ClCompile Include="Ats.cpp">
      <Filter>Source Files</Filter>
    </ClCompile>
    <ClCompile Include="AtsP.cpp">
      <Filter>Source Files</Filter>
    </ClCompile>
    <ClCompile Include="AtsSn.cpp">
      <Filter>Source Files</Filter>
    </ClCompile>
    <ClCompile Include="Spp.cpp">
      <Filter>Source Files</Filter>
    </ClCompile>
    <ClCompile Include="stdafx.cpp">
      <Filter>Source Files</Filter>
    </ClCompile>
  </ItemGroup>
  <ItemGroup>
    <None Include="Ats.def">
      <Filter>Source Files</Filter>
    </None>
  </ItemGroup>
  <ItemGroup>
    <ClInclude Include="Accel.hpp">
      <Filter>Header Files</Filter>
    </ClInclude>
    <ClInclude Include="Ats.h">
      <Filter>Header Files</Filter>
    </ClInclude>
    <ClInclude Include="AtsP.h">
      <Filter>Header Files</Filter>
    </ClInclude>
    <ClInclude Include="atsplugin.h">
      <Filter>Header Files</Filter>
    </ClInclude>
    <ClInclude Include="AtsPs.hpp">
      <Filter>Header Files</Filter>
    </ClInclude>
    <ClInclude Include="AtsSn.h">
      <Filter>Header Files</Filter>
    </ClInclude>
    <ClInclude Include="DAtc.hpp">
      <Filter>Header Files</Filter>
    </ClInclude>
    <ClInclude Include="Date.hpp">
      <Filter>Header Files</Filter>
    </ClInclude>
    <ClInclude Include="Eb.hpp">
      <Filter>Header Files</Filter>
    </ClInclude>
    <ClInclude Include="Msaf.hpp">
      <Filter>Header Files</Filter>
    </ClInclude>
    <ClInclude Include="NewSnp2Cfg.h">
      <Filter>Header Files</Filter>
    </ClInclude>
    <ClInclude Include="Spp.h">
      <Filter>Header Files</Filter>
    </ClInclude>
    <ClInclude Include="stdafx.h">
      <Filter>Header Files</Filter>
    </ClInclude>
    <ClInclude Include="Sub.hpp">
      <Filter>Header Files</Filter>
    </ClInclude>
    <ClInclude Include="Tims.hpp">
      <Filter>Header Files</Filter>
    </ClInclude>
  </ItemGroup>
</Project>